
Microsoft Visual Studio Solution File, Format Version 12.00
# Visual Studio Version 17
VisualStudioVersion = 17.7.34202.233
MinimumVisualStudioVersion = 10.0.40219.1
Project("{9A19103F-16F7-4668-BE54-9A1E7A4F7556}") = "UI", "YOLOApp\UI.csproj", "{245EB5D2-3C1B-402E-8174-F0D1DA5DF4C3}"
EndProject
Project("{9A19103F-16F7-4668-BE54-9A1E7A4F7556}") = "UILogic", "UILogic\UILogic.csproj", "{6D6C0229-98EE-478A-A5F5-B80A091F03B7}"
EndProject
Project("{FAE04EC0-301F-11D3-BF4B-00C04F79EFBC}") = "YOLOLogic", "YOLOLogic\YOLOLogic.csproj", "{28760957-5F17-4138-941E-A67220374E5A}"
EndProject
Global
	GlobalSection(SolutionConfigurationPlatforms) = preSolution
		Debug|Any CPU = Debug|Any CPU
		Release|Any CPU = Release|Any CPU
	EndGlobalSection
	GlobalSection(ProjectConfigurationPlatforms) = postSolution
		{245EB5D2-3C1B-402E-8174-F0D1DA5DF4C3}.Debug|Any CPU.ActiveCfg = Debug|Any CPU
		{245EB5D2-3C1B-402E-8174-F0D1DA5DF4C3}.Debug|Any CPU.Build.0 = Debug|Any CPU
		{245EB5D2-3C1B-402E-8174-F0D1DA5DF4C3}.Release|Any CPU.ActiveCfg = Release|Any CPU
		{245EB5D2-3C1B-402E-8174-F0D1DA5DF4C3}.Release|Any CPU.Build.0 = Release|Any CPU
		{6D6C0229-98EE-478A-A5F5-B80A091F03B7}.Debug|Any CPU.ActiveCfg = Debug|Any CPU
		{6D6C0229-98EE-478A-A5F5-B80A091F03B7}.Debug|Any CPU.Build.0 = Debug|Any CPU
		{6D6C0229-98EE-478A-A5F5-B80A091F03B7}.Release|Any CPU.ActiveCfg = Release|Any CPU
		{6D6C0229-98EE-478A-A5F5-B80A091F03B7}.Release|Any CPU.Build.0 = Release|Any CPU
		{28760957-5F17-4138-941E-A67220374E5A}.Debug|Any CPU.ActiveCfg = Debug|Any CPU
		{28760957-5F17-4138-941E-A67220374E5A}.Debug|Any CPU.Build.0 = Debug|Any CPU
		{28760957-5F17-4138-941E-A67220374E5A}.Release|Any CPU.ActiveCfg = Release|Any CPU
		{28760957-5F17-4138-941E-A67220374E5A}.Release|Any CPU.Build.0 = Release|Any CPU
	EndGlobalSection
	GlobalSection(SolutionProperties) = preSolution
		HideSolutionNode = FALSE
	EndGlobalSection
	GlobalSection(ExtensibilityGlobals) = postSolution
		SolutionGuid = {603DB24B-476B-40CB-833F-CDB3BE5344A1}
	EndGlobalSection
EndGlobal
